Microsoft Visual Studio Solution File, Format Version 12.00
# Visual Studio Version 17
VisualStudioVersion = 17.5.2.0
MinimumVisualStudioVersion = 10.0.40219.1
Project("{FAE04EC0-301F-11D3-BF4B-00C04F79EFBC}") = "AuraPodcastWebAPI", "AuraPodcastWebAPI.csproj", "{DAC19182-F4A2-C530-CA11-99E06A29353F}"
EndProject
Global
	GlobalSection(SolutionConfigurationPlatforms) = preSolution
		Debug|Any CPU = Debug|Any CPU
		Release|Any CPU = Release|Any CPU
	EndGlobalSection
	GlobalSection(ProjectConfigurationPlatforms) = postSolution
		{DAC19182-F4A2-C530-CA11-99E06A29353F}.Debug|Any CPU.ActiveCfg = Debug|Any CPU
		{DAC19182-F4A2-C530-CA11-99E06A29353F}.Debug|Any CPU.Build.0 = Debug|Any CPU
		{DAC19182-F4A2-C530-CA11-99E06A29353F}.Release|Any CPU.ActiveCfg = Release|Any CPU
		{DAC19182-F4A2-C530-CA11-99E06A29353F}.Release|Any CPU.Build.0 = Release|Any CPU
	EndGlobalSection
	GlobalSection(SolutionProperties) = preSolution
		HideSolutionNode = FALSE
	EndGlobalSection
	GlobalSection(ExtensibilityGlobals) = postSolution
		SolutionGuid = {835D7662-E7F4-4BF5-939C-C3B04CB0CD17}
	EndGlobalSection
EndGlobal
